
Microsoft Visual Studio Solution File, Format Version 12.00
# Visual Studio Version 17
VisualStudioVersion = 17.0.31903.59
MinimumVisualStudioVersion = 10.0.40219.1
Project("{FAE04EC0-301F-11D3-BF4B-00C04F79EFBC}") = "IO.Las", "src\IO.Las\IO.Las.csproj", "{EF804C35-0306-464A-9702-47330EA0F0CA}"
EndProject
Project("{2150E333-8FDC-42A3-9474-1A3956D46DE8}") = "Solution Items", "Solution Items", "{944B06C2-3216-44EC-A43A-DAF9200A05C8}"
	ProjectSection(SolutionItems) = preProject
		Directory.Versions.props = Directory.Versions.props
	EndProjectSection
EndProject
Project("{2150E333-8FDC-42A3-9474-1A3956D46DE8}") = "src", "src", "{94D31DAF-54FD-47A1-ABC5-DE0D31E8A7ED}"
	ProjectSection(SolutionItems) = preProject
		src\Directory.Build.props = src\Directory.Build.props
		src\Directory.Build.targets = src\Directory.Build.targets
		src\Directory.Packages.props = src\Directory.Packages.props
	EndProjectSection
EndProject
Project("{2150E333-8FDC-42A3-9474-1A3956D46DE8}") = "docs", "docs", "{DFB1AACC-6714-4E77-9D33-41F0F8925ACD}"
	ProjectSection(SolutionItems) = preProject
		docs\asprs_las_format_v10_2003.pdf = docs\asprs_las_format_v10_2003.pdf
		docs\asprs_las_format_v11_2005.pdf = docs\asprs_las_format_v11_2005.pdf
		docs\asprs_las_format_v12_2008.pdf = docs\asprs_las_format_v12_2008.pdf
		docs\asprs_las_format_v13_r11_2010.pdf = docs\asprs_las_format_v13_r11_2010.pdf
		docs\copc-specification-1.0.pdf = docs\copc-specification-1.0.pdf
		docs\LAZ_Specification_1.4_R0.pdf = docs\LAZ_Specification_1.4_R0.pdf
		docs\asprs_las_format_v15_r00_2025.pdf = docs\asprs_las_format_v15_r00_2025.pdf
		docs\asprs_las_format_v14_r16_2025.pdf = docs\asprs_las_format_v14_r16_2025.pdf
	EndProjectSection
EndProject
Project("{2150E333-8FDC-42A3-9474-1A3956D46DE8}") = "tests", "tests", "{1D3F3E65-48DE-4C8F-BE82-CF9C2D8D930C}"
	ProjectSection(SolutionItems) = preProject
		tests\Directory.Build.props = tests\Directory.Build.props
		tests\Directory.Packages.props = tests\Directory.Packages.props
		tests\Directory.Build.targets = tests\Directory.Build.targets
	EndProjectSection
EndProject
Project("{FAE04EC0-301F-11D3-BF4B-00C04F79EFBC}") = "IO.Las.Tests", "tests\IO.Las.Tests\IO.Las.Tests.csproj", "{57EAF8CB-00B7-4524-8E93-912CB614C1AA}"
EndProject
Project("{2150E333-8FDC-42A3-9474-1A3956D46DE8}") = "tools", "tools", "{1F43FFFE-A631-478E-BA36-A193CD67B6C7}"
	ProjectSection(SolutionItems) = preProject
		tools\Directory.Build.props = tools\Directory.Build.props
		tools\Directory.Packages.props = tools\Directory.Packages.props
		tools\Directory.Build.targets = tools\Directory.Build.targets
	EndProjectSection
EndProject
Project("{FAE04EC0-301F-11D3-BF4B-00C04F79EFBC}") = "Las", "tools\Las\Las.csproj", "{17F4C02F-3355-4F99-83D8-BC5CDD1824E4}"
EndProject
Project("{FAE04EC0-301F-11D3-BF4B-00C04F79EFBC}") = "IO.Las.Tiling", "src\IO.Las.Tiling\IO.Las.Tiling.csproj", "{1B8C1425-71B1-4E70-8785-66D1F10AED0E}"
EndProject
Project("{FAE04EC0-301F-11D3-BF4B-00C04F79EFBC}") = "IO.Las.Indexing", "src\IO.Las.Indexing\IO.Las.Indexing.csproj", "{A6E9A758-F6AB-4A42-9477-EF444E24DD6B}"
EndProject
Project("{FAE04EC0-301F-11D3-BF4B-00C04F79EFBC}") = "IO.Las.Indexing.Tests", "tests\IO.Las.Indexing.Tests\IO.Las.Indexing.Tests.csproj", "{3577A185-EECB-47BD-8804-E48E9EF3D131}"
EndProject
Project("{FAE04EC0-301F-11D3-BF4B-00C04F79EFBC}") = "IO.Las.Http", "src\IO.Las.Http\IO.Las.Http.csproj", "{B4A6F2E8-B97B-4932-9AF7-5330F03DA874}"
EndProject
Project("{FAE04EC0-301F-11D3-BF4B-00C04F79EFBC}") = "IO.Las.S3", "src\IO.Las.S3\IO.Las.S3.csproj", "{D3D27BD5-DB4C-4349-AF06-9AFA6B7431A1}"
EndProject
Project("{FAE04EC0-301F-11D3-BF4B-00C04F79EFBC}") = "IO.Las.Compression", "src\IO.Las.Compression\IO.Las.Compression.csproj", "{2B7168FE-4E3D-4095-B391-F998E389B41C}"
EndProject
Project("{FAE04EC0-301F-11D3-BF4B-00C04F79EFBC}") = "IO.Las.Compression.Tests", "tests\IO.Las.Compression.Tests\IO.Las.Compression.Tests.csproj", "{72FF4124-72F5-48C2-8C4E-5A74359E98D9}"
EndProject
Project("{FAE04EC0-301F-11D3-BF4B-00C04F79EFBC}") = "IO.Las.CodeGeneration", "src\IO.Las.CodeGeneration\IO.Las.CodeGeneration.csproj", "{F3080DB0-14D7-42F8-A55D-3A4AAB738F0E}"
EndProject
Project("{FAE04EC0-301F-11D3-BF4B-00C04F79EFBC}") = "IO.Las.Cloud", "src\IO.Las.Cloud\IO.Las.Cloud.csproj", "{14418C5F-304E-465D-AC0A-569B6C92E872}"
EndProject
Project("{FAE04EC0-301F-11D3-BF4B-00C04F79EFBC}") = "IO.Las.Cloud.Tests", "tests\IO.Las.Cloud.Tests\IO.Las.Cloud.Tests.csproj", "{1D5EB8AF-0729-4A2A-965D-CD5FC2740E6B}"
EndProject
Global
	GlobalSection(SolutionConfigurationPlatforms) = preSolution
		Debug|Any CPU = Debug|Any CPU
		Debug|x64 = Debug|x64
		Debug|x86 = Debug|x86
		Release|Any CPU = Release|Any CPU
		Release|x64 = Release|x64
		Release|x86 = Release|x86
	EndGlobalSection
	GlobalSection(ProjectConfigurationPlatforms) = postSolution
		{EF804C35-0306-464A-9702-47330EA0F0CA}.Debug|Any CPU.ActiveCfg = Debug|Any CPU
		{EF804C35-0306-464A-9702-47330EA0F0CA}.Debug|Any CPU.Build.0 = Debug|Any CPU
		{EF804C35-0306-464A-9702-47330EA0F0CA}.Debug|x64.ActiveCfg = Debug|Any CPU
		{EF804C35-0306-464A-9702-47330EA0F0CA}.Debug|x64.Build.0 = Debug|Any CPU
		{EF804C35-0306-464A-9702-47330EA0F0CA}.Debug|x86.ActiveCfg = Debug|Any CPU
		{EF804C35-0306-464A-9702-47330EA0F0CA}.Debug|x86.Build.0 = Debug|Any CPU
		{EF804C35-0306-464A-9702-47330EA0F0CA}.Release|Any CPU.ActiveCfg = Release|Any CPU
		{EF804C35-0306-464A-9702-47330EA0F0CA}.Release|Any CPU.Build.0 = Release|Any CPU
		{EF804C35-0306-464A-9702-47330EA0F0CA}.Release|x64.ActiveCfg = Release|Any CPU
		{EF804C35-0306-464A-9702-47330EA0F0CA}.Release|x64.Build.0 = Release|Any CPU
		{EF804C35-0306-464A-9702-47330EA0F0CA}.Release|x86.ActiveCfg = Release|Any CPU
		{EF804C35-0306-464A-9702-47330EA0F0CA}.Release|x86.Build.0 = Release|Any CPU
		{57EAF8CB-00B7-4524-8E93-912CB614C1AA}.Debug|Any CPU.ActiveCfg = Debug|Any CPU
		{57EAF8CB-00B7-4524-8E93-912CB614C1AA}.Debug|Any CPU.Build.0 = Debug|Any CPU
		{57EAF8CB-00B7-4524-8E93-912CB614C1AA}.Debug|x64.ActiveCfg = Debug|Any CPU
		{57EAF8CB-00B7-4524-8E93-912CB614C1AA}.Debug|x64.Build.0 = Debug|Any CPU
		{57EAF8CB-00B7-4524-8E93-912CB614C1AA}.Debug|x86.ActiveCfg = Debug|Any CPU
		{57EAF8CB-00B7-4524-8E93-912CB614C1AA}.Debug|x86.Build.0 = Debug|Any CPU
		{57EAF8CB-00B7-4524-8E93-912CB614C1AA}.Release|Any CPU.ActiveCfg = Release|Any CPU
		{57EAF8CB-00B7-4524-8E93-912CB614C1AA}.Release|Any CPU.Build.0 = Release|Any CPU
		{57EAF8CB-00B7-4524-8E93-912CB614C1AA}.Release|x64.ActiveCfg = Release|Any CPU
		{57EAF8CB-00B7-4524-8E93-912CB614C1AA}.Release|x64.Build.0 = Release|Any CPU
		{57EAF8CB-00B7-4524-8E93-912CB614C1AA}.Release|x86.ActiveCfg = Release|Any CPU
		{57EAF8CB-00B7-4524-8E93-912CB614C1AA}.Release|x86.Build.0 = Release|Any CPU
		{17F4C02F-3355-4F99-83D8-BC5CDD1824E4}.Debug|Any CPU.ActiveCfg = Debug|Any CPU
		{17F4C02F-3355-4F99-83D8-BC5CDD1824E4}.Debug|Any CPU.Build.0 = Debug|Any CPU
		{17F4C02F-3355-4F99-83D8-BC5CDD1824E4}.Debug|x64.ActiveCfg = Debug|Any CPU
		{17F4C02F-3355-4F99-83D8-BC5CDD1824E4}.Debug|x64.Build.0 = Debug|Any CPU
		{17F4C02F-3355-4F99-83D8-BC5CDD1824E4}.Debug|x86.ActiveCfg = Debug|Any CPU
		{17F4C02F-3355-4F99-83D8-BC5CDD1824E4}.Debug|x86.Build.0 = Debug|Any CPU
		{17F4C02F-3355-4F99-83D8-BC5CDD1824E4}.Release|Any CPU.ActiveCfg = Release|Any CPU
		{17F4C02F-3355-4F99-83D8-BC5CDD1824E4}.Release|Any CPU.Build.0 = Release|Any CPU
		{17F4C02F-3355-4F99-83D8-BC5CDD1824E4}.Release|x64.ActiveCfg = Release|Any CPU
		{17F4C02F-3355-4F99-83D8-BC5CDD1824E4}.Release|x64.Build.0 = Release|Any CPU
		{17F4C02F-3355-4F99-83D8-BC5CDD1824E4}.Release|x86.ActiveCfg = Release|Any CPU
		{17F4C02F-3355-4F99-83D8-BC5CDD1824E4}.Release|x86.Build.0 = Release|Any CPU
		{1B8C1425-71B1-4E70-8785-66D1F10AED0E}.Debug|Any CPU.ActiveCfg = Debug|Any CPU
		{1B8C1425-71B1-4E70-8785-66D1F10AED0E}.Debug|Any CPU.Build.0 = Debug|Any CPU
		{1B8C1425-71B1-4E70-8785-66D1F10AED0E}.Debug|x64.ActiveCfg = Debug|Any CPU
		{1B8C1425-71B1-4E70-8785-66D1F10AED0E}.Debug|x64.Build.0 = Debug|Any CPU
		{1B8C1425-71B1-4E70-8785-66D1F10AED0E}.Debug|x86.ActiveCfg = Debug|Any CPU
		{1B8C1425-71B1-4E70-8785-66D1F10AED0E}.Debug|x86.Build.0 = Debug|Any CPU
		{1B8C1425-71B1-4E70-8785-66D1F10AED0E}.Release|Any CPU.ActiveCfg = Release|Any CPU
		{1B8C1425-71B1-4E70-8785-66D1F10AED0E}.Release|Any CPU.Build.0 = Release|Any CPU
		{1B8C1425-71B1-4E70-8785-66D1F10AED0E}.Release|x64.ActiveCfg = Release|Any CPU
		{1B8C1425-71B1-4E70-8785-66D1F10AED0E}.Release|x64.Build.0 = Release|Any CPU
		{1B8C1425-71B1-4E70-8785-66D1F10AED0E}.Release|x86.ActiveCfg = Release|Any CPU
		{1B8C1425-71B1-4E70-8785-66D1F10AED0E}.Release|x86.Build.0 = Release|Any CPU
		{A6E9A758-F6AB-4A42-9477-EF444E24DD6B}.Debug|Any CPU.ActiveCfg = Debug|Any CPU
		{A6E9A758-F6AB-4A42-9477-EF444E24DD6B}.Debug|Any CPU.Build.0 = Debug|Any CPU
		{A6E9A758-F6AB-4A42-9477-EF444E24DD6B}.Debug|x64.ActiveCfg = Debug|Any CPU
		{A6E9A758-F6AB-4A42-9477-EF444E24DD6B}.Debug|x64.Build.0 = Debug|Any CPU
		{A6E9A758-F6AB-4A42-9477-EF444E24DD6B}.Debug|x86.ActiveCfg = Debug|Any CPU
		{A6E9A758-F6AB-4A42-9477-EF444E24DD6B}.Debug|x86.Build.0 = Debug|Any CPU
		{A6E9A758-F6AB-4A42-9477-EF444E24DD6B}.Release|Any CPU.ActiveCfg = Release|Any CPU
		{A6E9A758-F6AB-4A42-9477-EF444E24DD6B}.Release|Any CPU.Build.0 = Release|Any CPU
		{A6E9A758-F6AB-4A42-9477-EF444E24DD6B}.Release|x64.ActiveCfg = Release|Any CPU
		{A6E9A758-F6AB-4A42-9477-EF444E24DD6B}.Release|x64.Build.0 = Release|Any CPU
		{A6E9A758-F6AB-4A42-9477-EF444E24DD6B}.Release|x86.ActiveCfg = Release|Any CPU
		{A6E9A758-F6AB-4A42-9477-EF444E24DD6B}.Release|x86.Build.0 = Release|Any CPU
		{3577A185-EECB-47BD-8804-E48E9EF3D131}.Debug|Any CPU.ActiveCfg = Debug|Any CPU
		{3577A185-EECB-47BD-8804-E48E9EF3D131}.Debug|Any CPU.Build.0 = Debug|Any CPU
		{3577A185-EECB-47BD-8804-E48E9EF3D131}.Debug|x64.ActiveCfg = Debug|Any CPU
		{3577A185-EECB-47BD-8804-E48E9EF3D131}.Debug|x64.Build.0 = Debug|Any CPU
		{3577A185-EECB-47BD-8804-E48E9EF3D131}.Debug|x86.ActiveCfg = Debug|Any CPU
		{3577A185-EECB-47BD-8804-E48E9EF3D131}.Debug|x86.Build.0 = Debug|Any CPU
		{3577A185-EECB-47BD-8804-E48E9EF3D131}.Release|Any CPU.ActiveCfg = Release|Any CPU
		{3577A185-EECB-47BD-8804-E48E9EF3D131}.Release|Any CPU.Build.0 = Release|Any CPU
		{3577A185-EECB-47BD-8804-E48E9EF3D131}.Release|x64.ActiveCfg = Release|Any CPU
		{3577A185-EECB-47BD-8804-E48E9EF3D131}.Release|x64.Build.0 = Release|Any CPU
		{3577A185-EECB-47BD-8804-E48E9EF3D131}.Release|x86.ActiveCfg = Release|Any CPU
		{3577A185-EECB-47BD-8804-E48E9EF3D131}.Release|x86.Build.0 = Release|Any CPU
		{B4A6F2E8-B97B-4932-9AF7-5330F03DA874}.Debug|Any CPU.ActiveCfg = Debug|Any CPU
		{B4A6F2E8-B97B-4932-9AF7-5330F03DA874}.Debug|Any CPU.Build.0 = Debug|Any CPU
		{B4A6F2E8-B97B-4932-9AF7-5330F03DA874}.Debug|x64.ActiveCfg = Debug|Any CPU
		{B4A6F2E8-B97B-4932-9AF7-5330F03DA874}.Debug|x64.Build.0 = Debug|Any CPU
		{B4A6F2E8-B97B-4932-9AF7-5330F03DA874}.Debug|x86.ActiveCfg = Debug|Any CPU
		{B4A6F2E8-B97B-4932-9AF7-5330F03DA874}.Debug|x86.Build.0 = Debug|Any CPU
		{B4A6F2E8-B97B-4932-9AF7-5330F03DA874}.Release|Any CPU.ActiveCfg = Release|Any CPU
		{B4A6F2E8-B97B-4932-9AF7-5330F03DA874}.Release|Any CPU.Build.0 = Release|Any CPU
		{B4A6F2E8-B97B-4932-9AF7-5330F03DA874}.Release|x64.ActiveCfg = Release|Any CPU
		{B4A6F2E8-B97B-4932-9AF7-5330F03DA874}.Release|x64.Build.0 = Release|Any CPU
		{B4A6F2E8-B97B-4932-9AF7-5330F03DA874}.Release|x86.ActiveCfg = Release|Any CPU
		{B4A6F2E8-B97B-4932-9AF7-5330F03DA874}.Release|x86.Build.0 = Release|Any CPU
		{D3D27BD5-DB4C-4349-AF06-9AFA6B7431A1}.Debug|Any CPU.ActiveCfg = Debug|Any CPU
		{D3D27BD5-DB4C-4349-AF06-9AFA6B7431A1}.Debug|Any CPU.Build.0 = Debug|Any CPU
		{D3D27BD5-DB4C-4349-AF06-9AFA6B7431A1}.Debug|x64.ActiveCfg = Debug|Any CPU
		{D3D27BD5-DB4C-4349-AF06-9AFA6B7431A1}.Debug|x64.Build.0 = Debug|Any CPU
		{D3D27BD5-DB4C-4349-AF06-9AFA6B7431A1}.Debug|x86.ActiveCfg = Debug|Any CPU
		{D3D27BD5-DB4C-4349-AF06-9AFA6B7431A1}.Debug|x86.Build.0 = Debug|Any CPU
		{D3D27BD5-DB4C-4349-AF06-9AFA6B7431A1}.Release|Any CPU.ActiveCfg = Release|Any CPU
		{D3D27BD5-DB4C-4349-AF06-9AFA6B7431A1}.Release|Any CPU.Build.0 = Release|Any CPU
		{D3D27BD5-DB4C-4349-AF06-9AFA6B7431A1}.Release|x64.ActiveCfg = Release|Any CPU
		{D3D27BD5-DB4C-4349-AF06-9AFA6B7431A1}.Release|x64.Build.0 = Release|Any CPU
		{D3D27BD5-DB4C-4349-AF06-9AFA6B7431A1}.Release|x86.ActiveCfg = Release|Any CPU
		{D3D27BD5-DB4C-4349-AF06-9AFA6B7431A1}.Release|x86.Build.0 = Release|Any CPU
		{2B7168FE-4E3D-4095-B391-F998E389B41C}.Debug|Any CPU.ActiveCfg = Debug|Any CPU
		{2B7168FE-4E3D-4095-B391-F998E389B41C}.Debug|Any CPU.Build.0 = Debug|Any CPU
		{2B7168FE-4E3D-4095-B391-F998E389B41C}.Debug|x64.ActiveCfg = Debug|Any CPU
		{2B7168FE-4E3D-4095-B391-F998E389B41C}.Debug|x64.Build.0 = Debug|Any CPU
		{2B7168FE-4E3D-4095-B391-F998E389B41C}.Debug|x86.ActiveCfg = Debug|Any CPU
		{2B7168FE-4E3D-4095-B391-F998E389B41C}.Debug|x86.Build.0 = Debug|Any CPU
		{2B7168FE-4E3D-4095-B391-F998E389B41C}.Release|Any CPU.ActiveCfg = Release|Any CPU
		{2B7168FE-4E3D-4095-B391-F998E389B41C}.Release|Any CPU.Build.0 = Release|Any CPU
		{2B7168FE-4E3D-4095-B391-F998E389B41C}.Release|x64.ActiveCfg = Release|Any CPU
		{2B7168FE-4E3D-4095-B391-F998E389B41C}.Release|x64.Build.0 = Release|Any CPU
		{2B7168FE-4E3D-4095-B391-F998E389B41C}.Release|x86.ActiveCfg = Release|Any CPU
		{2B7168FE-4E3D-4095-B391-F998E389B41C}.Release|x86.Build.0 = Release|Any CPU
		{72FF4124-72F5-48C2-8C4E-5A74359E98D9}.Debug|Any CPU.ActiveCfg = Debug|Any CPU
		{72FF4124-72F5-48C2-8C4E-5A74359E98D9}.Debug|Any CPU.Build.0 = Debug|Any CPU
		{72FF4124-72F5-48C2-8C4E-5A74359E98D9}.Debug|x64.ActiveCfg = Debug|Any CPU
		{72FF4124-72F5-48C2-8C4E-5A74359E98D9}.Debug|x64.Build.0 = Debug|Any CPU
		{72FF4124-72F5-48C2-8C4E-5A74359E98D9}.Debug|x86.ActiveCfg = Debug|Any CPU
		{72FF4124-72F5-48C2-8C4E-5A74359E98D9}.Debug|x86.Build.0 = Debug|Any CPU
		{72FF4124-72F5-48C2-8C4E-5A74359E98D9}.Release|Any CPU.ActiveCfg = Release|Any CPU
		{72FF4124-72F5-48C2-8C4E-5A74359E98D9}.Release|Any CPU.Build.0 = Release|Any CPU
		{72FF4124-72F5-48C2-8C4E-5A74359E98D9}.Release|x64.ActiveCfg = Release|Any CPU
		{72FF4124-72F5-48C2-8C4E-5A74359E98D9}.Release|x64.Build.0 = Release|Any CPU
		{72FF4124-72F5-48C2-8C4E-5A74359E98D9}.Release|x86.ActiveCfg = Release|Any CPU
		{72FF4124-72F5-48C2-8C4E-5A74359E98D9}.Release|x86.Build.0 = Release|Any CPU
		{F3080DB0-14D7-42F8-A55D-3A4AAB738F0E}.Debug|Any CPU.ActiveCfg = Debug|Any CPU
		{F3080DB0-14D7-42F8-A55D-3A4AAB738F0E}.Debug|Any CPU.Build.0 = Debug|Any CPU
		{F3080DB0-14D7-42F8-A55D-3A4AAB738F0E}.Debug|x64.ActiveCfg = Debug|Any CPU
		{F3080DB0-14D7-42F8-A55D-3A4AAB738F0E}.Debug|x64.Build.0 = Debug|Any CPU
		{F3080DB0-14D7-42F8-A55D-3A4AAB738F0E}.Debug|x86.ActiveCfg = Debug|Any CPU
		{F3080DB0-14D7-42F8-A55D-3A4AAB738F0E}.Debug|x86.Build.0 = Debug|Any CPU
		{F3080DB0-14D7-42F8-A55D-3A4AAB738F0E}.Release|Any CPU.ActiveCfg = Release|Any CPU
		{F3080DB0-14D7-42F8-A55D-3A4AAB738F0E}.Release|Any CPU.Build.0 = Release|Any CPU
		{F3080DB0-14D7-42F8-A55D-3A4AAB738F0E}.Release|x64.ActiveCfg = Release|Any CPU
		{F3080DB0-14D7-42F8-A55D-3A4AAB738F0E}.Release|x64.Build.0 = Release|Any CPU
		{F3080DB0-14D7-42F8-A55D-3A4AAB738F0E}.Release|x86.ActiveCfg = Release|Any CPU
		{F3080DB0-14D7-42F8-A55D-3A4AAB738F0E}.Release|x86.Build.0 = Release|Any CPU
		{14418C5F-304E-465D-AC0A-569B6C92E872}.Debug|Any CPU.ActiveCfg = Debug|Any CPU
		{14418C5F-304E-465D-AC0A-569B6C92E872}.Debug|Any CPU.Build.0 = Debug|Any CPU
		{14418C5F-304E-465D-AC0A-569B6C92E872}.Debug|x64.ActiveCfg = Debug|Any CPU
		{14418C5F-304E-465D-AC0A-569B6C92E872}.Debug|x64.Build.0 = Debug|Any CPU
		{14418C5F-304E-465D-AC0A-569B6C92E872}.Debug|x86.ActiveCfg = Debug|Any CPU
		{14418C5F-304E-465D-AC0A-569B6C92E872}.Debug|x86.Build.0 = Debug|Any CPU
		{14418C5F-304E-465D-AC0A-569B6C92E872}.Release|Any CPU.ActiveCfg = Release|Any CPU
		{14418C5F-304E-465D-AC0A-569B6C92E872}.Release|Any CPU.Build.0 = Release|Any CPU
		{14418C5F-304E-465D-AC0A-569B6C92E872}.Release|x64.ActiveCfg = Release|Any CPU
		{14418C5F-304E-465D-AC0A-569B6C92E872}.Release|x64.Build.0 = Release|Any CPU
		{14418C5F-304E-465D-AC0A-569B6C92E872}.Release|x86.ActiveCfg = Release|Any CPU
		{14418C5F-304E-465D-AC0A-569B6C92E872}.Release|x86.Build.0 = Release|Any CPU
		{1D5EB8AF-0729-4A2A-965D-CD5FC2740E6B}.Debug|Any CPU.ActiveCfg = Debug|Any CPU
		{1D5EB8AF-0729-4A2A-965D-CD5FC2740E6B}.Debug|Any CPU.Build.0 = Debug|Any CPU
		{1D5EB8AF-0729-4A2A-965D-CD5FC2740E6B}.Debug|x64.ActiveCfg = Debug|Any CPU
		{1D5EB8AF-0729-4A2A-965D-CD5FC2740E6B}.Debug|x64.Build.0 = Debug|Any CPU
		{1D5EB8AF-0729-4A2A-965D-CD5FC2740E6B}.Debug|x86.ActiveCfg = Debug|Any CPU
		{1D5EB8AF-0729-4A2A-965D-CD5FC2740E6B}.Debug|x86.Build.0 = Debug|Any CPU
		{1D5EB8AF-0729-4A2A-965D-CD5FC2740E6B}.Release|Any CPU.ActiveCfg = Release|Any CPU
		{1D5EB8AF-0729-4A2A-965D-CD5FC2740E6B}.Release|Any CPU.Build.0 = Release|Any CPU
		{1D5EB8AF-0729-4A2A-965D-CD5FC2740E6B}.Release|x64.ActiveCfg = Release|Any CPU
		{1D5EB8AF-0729-4A2A-965D-CD5FC2740E6B}.Release|x64.Build.0 = Release|Any CPU
		{1D5EB8AF-0729-4A2A-965D-CD5FC2740E6B}.Release|x86.ActiveCfg = Release|Any CPU
		{1D5EB8AF-0729-4A2A-965D-CD5FC2740E6B}.Release|x86.Build.0 = Release|Any CPU
	EndGlobalSection
	GlobalSection(SolutionProperties) = preSolution
		HideSolutionNode = FALSE
	EndGlobalSection
	GlobalSection(NestedProjects) = preSolution
		{EF804C35-0306-464A-9702-47330EA0F0CA} = {94D31DAF-54FD-47A1-ABC5-DE0D31E8A7ED}
		{57EAF8CB-00B7-4524-8E93-912CB614C1AA} = {1D3F3E65-48DE-4C8F-BE82-CF9C2D8D930C}
		{17F4C02F-3355-4F99-83D8-BC5CDD1824E4} = {1F43FFFE-A631-478E-BA36-A193CD67B6C7}
		{1B8C1425-71B1-4E70-8785-66D1F10AED0E} = {94D31DAF-54FD-47A1-ABC5-DE0D31E8A7ED}
		{A6E9A758-F6AB-4A42-9477-EF444E24DD6B} = {94D31DAF-54FD-47A1-ABC5-DE0D31E8A7ED}
		{3577A185-EECB-47BD-8804-E48E9EF3D131} = {1D3F3E65-48DE-4C8F-BE82-CF9C2D8D930C}
		{B4A6F2E8-B97B-4932-9AF7-5330F03DA874} = {94D31DAF-54FD-47A1-ABC5-DE0D31E8A7ED}
		{D3D27BD5-DB4C-4349-AF06-9AFA6B7431A1} = {94D31DAF-54FD-47A1-ABC5-DE0D31E8A7ED}
		{2B7168FE-4E3D-4095-B391-F998E389B41C} = {94D31DAF-54FD-47A1-ABC5-DE0D31E8A7ED}
		{72FF4124-72F5-48C2-8C4E-5A74359E98D9} = {1D3F3E65-48DE-4C8F-BE82-CF9C2D8D930C}
		{F3080DB0-14D7-42F8-A55D-3A4AAB738F0E} = {94D31DAF-54FD-47A1-ABC5-DE0D31E8A7ED}
		{14418C5F-304E-465D-AC0A-569B6C92E872} = {94D31DAF-54FD-47A1-ABC5-DE0D31E8A7ED}
		{1D5EB8AF-0729-4A2A-965D-CD5FC2740E6B} = {1D3F3E65-48DE-4C8F-BE82-CF9C2D8D930C}
	EndGlobalSection
EndGlobal
